
Microsoft Visual Studio Solution File, Format Version 12.00
# Visual Studio Version 16
VisualStudioVersion = 16.0.31005.135
MinimumVisualStudioVersion = 10.0.40219.1
Project("{FAE04EC0-301F-11D3-BF4B-00C04F79EFBC}") = "AzureKeyVaultExample", "AzureKeyVaultExample.csproj", "{FB73BE72-A4F7-4479-ADDA-AD30B9D0FD9B}"
EndProject
Global
	GlobalSection(SolutionConfigurationPlatforms) = preSolution
		Debug|Any CPU = Debug|Any CPU
		Release|Any CPU = Release|Any CPU
	EndGlobalSection
	GlobalSection(ProjectConfigurationPlatforms) = postSolution
		{FB73BE72-A4F7-4479-ADDA-AD30B9D0FD9B}.Debug|Any CPU.ActiveCfg = Debug|Any CPU
		{FB73BE72-A4F7-4479-ADDA-AD30B9D0FD9B}.Debug|Any CPU.Build.0 = Debug|Any CPU
		{FB73BE72-A4F7-4479-ADDA-AD30B9D0FD9B}.Release|Any CPU.ActiveCfg = Release|Any CPU
		{FB73BE72-A4F7-4479-ADDA-AD30B9D0FD9B}.Release|Any CPU.Build.0 = Release|Any CPU
	EndGlobalSection
	GlobalSection(SolutionProperties) = preSolution
		HideSolutionNode = FALSE
	EndGlobalSection
	GlobalSection(ExtensibilityGlobals) = postSolution
		SolutionGuid = {5CA08B8F-A478-483A-A663-23CE1ADD4708}
	EndGlobalSection
EndGlobal
